
Microsoft Visual Studio Solution File, Format Version 12.00
# Visual Studio 14
VisualStudioVersion = 14.0.25420.1
MinimumVisualStudioVersion = 10.0.40219.1
Project("{8BC9CEB8-8B4A-11D0-8D11-00A0C91BC942}") = "Line", "OpenGL\OpenGL.vcxproj", "{C3A9E485-A127-40E4-B47D-F6FEABFFEBBF}"
EndProject
Project("{8BC9CEB8-8B4A-11D0-8D11-00A0C91BC942}") = "RegionFilling", "RegionFilling\RegionFilling.vcxproj", "{88F23A69-0814-4169-8E52-A408E7B6B9B6}"
EndProject
Project("{8BC9CEB8-8B4A-11D0-8D11-00A0C91BC942}") = "Clock", "Clock\Clock.vcxproj", "{5E30D0AA-FA2D-4053-8138-D8586EDC2EA0}"
EndProject
Project("{8BC9CEB8-8B4A-11D0-8D11-00A0C91BC942}") = "Clipping", "Clipping\Clipping.vcxproj", "{6F417EE8-C0A4-436B-9260-00D96C4A7621}"
EndProject
Project("{8BC9CEB8-8B4A-11D0-8D11-00A0C91BC942}") = "lib", "lib\lib.vcxproj", "{916A08DF-C1D2-42ED-A5C5-4D9FA82403C1}"
EndProject
Project("{8BC9CEB8-8B4A-11D0-8D11-00A0C91BC942}") = "Splines", "Splines\Splines.vcxproj", "{062A2FDB-EF0F-4533-8CF9-B7D75277995A}"
EndProject
Project("{8BC9CEB8-8B4A-11D0-8D11-00A0C91BC942}") = "Car", "Car\Car.vcxproj", "{D08069AD-A828-4DBB-968A-AC98FCAA9550}"
EndProject
Project("{8BC9CEB8-8B4A-11D0-8D11-00A0C91BC942}") = "Lighting", "Lighting\Lighting.vcxproj", "{14CADC7C-6DAA-42FD-BBD4-9BBA2D402EBD}"
EndProject
Project("{8BC9CEB8-8B4A-11D0-8D11-00A0C91BC942}") = "Rotate", "Robot\Robot.vcxproj", "{A81FB87A-2478-4C77-A05A-9A98A3CBB1B3}"
EndProject
Project("{8BC9CEB8-8B4A-11D0-8D11-00A0C91BC942}") = "House", "House\House.vcxproj", "{36ACA334-818F-451D-B0EF-CF3224B1174B}"
EndProject
Project("{8BC9CEB8-8B4A-11D0-8D11-00A0C91BC942}") = "Texture", "Texture\Texture.vcxproj", "{48F0B751-4E5C-44E9-A9F2-26BA1D88B50E}"
EndProject
Global
	GlobalSection(SolutionConfigurationPlatforms) = preSolution
		Debug|x64 = Debug|x64
		Debug|x86 = Debug|x86
		Release|x64 = Release|x64
		Release|x86 = Release|x86
	EndGlobalSection
	GlobalSection(ProjectConfigurationPlatforms) = postSolution
		{C3A9E485-A127-40E4-B47D-F6FEABFFEBBF}.Debug|x64.ActiveCfg = Debug|x64
		{C3A9E485-A127-40E4-B47D-F6FEABFFEBBF}.Debug|x64.Build.0 = Debug|x64
		{C3A9E485-A127-40E4-B47D-F6FEABFFEBBF}.Debug|x86.ActiveCfg = Debug|Win32
		{C3A9E485-A127-40E4-B47D-F6FEABFFEBBF}.Debug|x86.Build.0 = Debug|Win32
		{C3A9E485-A127-40E4-B47D-F6FEABFFEBBF}.Release|x64.ActiveCfg = Release|x64
		{C3A9E485-A127-40E4-B47D-F6FEABFFEBBF}.Release|x64.Build.0 = Release|x64
		{C3A9E485-A127-40E4-B47D-F6FEABFFEBBF}.Release|x86.ActiveCfg = Release|Win32
		{C3A9E485-A127-40E4-B47D-F6FEABFFEBBF}.Release|x86.Build.0 = Release|Win32
		{88F23A69-0814-4169-8E52-A408E7B6B9B6}.Debug|x64.ActiveCfg = Debug|x64
		{88F23A69-0814-4169-8E52-A408E7B6B9B6}.Debug|x64.Build.0 = Debug|x64
		{88F23A69-0814-4169-8E52-A408E7B6B9B6}.Debug|x86.ActiveCfg = Debug|Win32
		{88F23A69-0814-4169-8E52-A408E7B6B9B6}.Debug|x86.Build.0 = Debug|Win32
		{88F23A69-0814-4169-8E52-A408E7B6B9B6}.Release|x64.ActiveCfg = Release|x64
		{88F23A69-0814-4169-8E52-A408E7B6B9B6}.Release|x64.Build.0 = Release|x64
		{88F23A69-0814-4169-8E52-A408E7B6B9B6}.Release|x86.ActiveCfg = Release|Win32
		{88F23A69-0814-4169-8E52-A408E7B6B9B6}.Release|x86.Build.0 = Release|Win32
		{5E30D0AA-FA2D-4053-8138-D8586EDC2EA0}.Debug|x64.ActiveCfg = Debug|x64
		{5E30D0AA-FA2D-4053-8138-D8586EDC2EA0}.Debug|x64.Build.0 = Debug|x64
		{5E30D0AA-FA2D-4053-8138-D8586EDC2EA0}.Debug|x86.ActiveCfg = Debug|Win32
		{5E30D0AA-FA2D-4053-8138-D8586EDC2EA0}.Debug|x86.Build.0 = Debug|Win32
		{5E30D0AA-FA2D-4053-8138-D8586EDC2EA0}.Release|x64.ActiveCfg = Release|x64
		{5E30D0AA-FA2D-4053-8138-D8586EDC2EA0}.Release|x64.Build.0 = Release|x64
		{5E30D0AA-FA2D-4053-8138-D8586EDC2EA0}.Release|x86.ActiveCfg = Release|Win32
		{5E30D0AA-FA2D-4053-8138-D8586EDC2EA0}.Release|x86.Build.0 = Release|Win32
		{6F417EE8-C0A4-436B-9260-00D96C4A7621}.Debug|x64.ActiveCfg = Debug|x64
		{6F417EE8-C0A4-436B-9260-00D96C4A7621}.Debug|x64.Build.0 = Debug|x64
		{6F417EE8-C0A4-436B-9260-00D96C4A7621}.Debug|x86.ActiveCfg = Debug|Win32
		{6F417EE8-C0A4-436B-9260-00D96C4A7621}.Debug|x86.Build.0 = Debug|Win32
		{6F417EE8-C0A4-436B-9260-00D96C4A7621}.Release|x64.ActiveCfg = Release|x64
		{6F417EE8-C0A4-436B-9260-00D96C4A7621}.Release|x64.Build.0 = Release|x64
		{6F417EE8-C0A4-436B-9260-00D96C4A7621}.Release|x86.ActiveCfg = Release|Win32
		{6F417EE8-C0A4-436B-9260-00D96C4A7621}.Release|x86.Build.0 = Release|Win32
		{916A08DF-C1D2-42ED-A5C5-4D9FA82403C1}.Debug|x64.ActiveCfg = Debug|x64
		{916A08DF-C1D2-42ED-A5C5-4D9FA82403C1}.Debug|x64.Build.0 = Debug|x64
		{916A08DF-C1D2-42ED-A5C5-4D9FA82403C1}.Debug|x86.ActiveCfg = Debug|Win32
		{916A08DF-C1D2-42ED-A5C5-4D9FA82403C1}.Debug|x86.Build.0 = Debug|Win32
		{916A08DF-C1D2-42ED-A5C5-4D9FA82403C1}.Release|x64.ActiveCfg = Release|x64
		{916A08DF-C1D2-42ED-A5C5-4D9FA82403C1}.Release|x64.Build.0 = Release|x64
		{916A08DF-C1D2-42ED-A5C5-4D9FA82403C1}.Release|x86.ActiveCfg = Release|Win32
		{916A08DF-C1D2-42ED-A5C5-4D9FA82403C1}.Release|x86.Build.0 = Release|Win32
		{062A2FDB-EF0F-4533-8CF9-B7D75277995A}.Debug|x64.ActiveCfg = Debug|x64
		{062A2FDB-EF0F-4533-8CF9-B7D75277995A}.Debug|x64.Build.0 = Debug|x64
		{062A2FDB-EF0F-4533-8CF9-B7D75277995A}.Debug|x86.ActiveCfg = Debug|Win32
		{062A2FDB-EF0F-4533-8CF9-B7D75277995A}.Debug|x86.Build.0 = Debug|Win32
		{062A2FDB-EF0F-4533-8CF9-B7D75277995A}.Release|x64.ActiveCfg = Release|x64
		{062A2FDB-EF0F-4533-8CF9-B7D75277995A}.Release|x64.Build.0 = Release|x64
		{062A2FDB-EF0F-4533-8CF9-B7D75277995A}.Release|x86.ActiveCfg = Release|Win32
		{062A2FDB-EF0F-4533-8CF9-B7D75277995A}.Release|x86.Build.0 = Release|Win32
		{D08069AD-A828-4DBB-968A-AC98FCAA9550}.Debug|x64.ActiveCfg = Debug|x64
		{D08069AD-A828-4DBB-968A-AC98FCAA9550}.Debug|x64.Build.0 = Debug|x64
		{D08069AD-A828-4DBB-968A-AC98FCAA9550}.Debug|x86.ActiveCfg = Debug|Win32
		{D08069AD-A828-4DBB-968A-AC98FCAA9550}.Debug|x86.Build.0 = Debug|Win32
		{D08069AD-A828-4DBB-968A-AC98FCAA9550}.Release|x64.ActiveCfg = Release|x64
		{D08069AD-A828-4DBB-968A-AC98FCAA9550}.Release|x64.Build.0 = Release|x64
		{D08069AD-A828-4DBB-968A-AC98FCAA9550}.Release|x86.ActiveCfg = Release|Win32
		{D08069AD-A828-4DBB-968A-AC98FCAA9550}.Release|x86.Build.0 = Release|Win32
		{14CADC7C-6DAA-42FD-BBD4-9BBA2D402EBD}.Debug|x64.ActiveCfg = Debug|x64
		{14CADC7C-6DAA-42FD-BBD4-9BBA2D402EBD}.Debug|x64.Build.0 = Debug|x64
		{14CADC7C-6DAA-42FD-BBD4-9BBA2D402EBD}.Debug|x86.ActiveCfg = Debug|Win32
		{14CADC7C-6DAA-42FD-BBD4-9BBA2D402EBD}.Debug|x86.Build.0 = Debug|Win32
		{14CADC7C-6DAA-42FD-BBD4-9BBA2D402EBD}.Release|x64.ActiveCfg = Release|x64
		{14CADC7C-6DAA-42FD-BBD4-9BBA2D402EBD}.Release|x64.Build.0 = Release|x64
		{14CADC7C-6DAA-42FD-BBD4-9BBA2D402EBD}.Release|x86.ActiveCfg = Release|Win32
		{14CADC7C-6DAA-42FD-BBD4-9BBA2D402EBD}.Release|x86.Build.0 = Release|Win32
		{A81FB87A-2478-4C77-A05A-9A98A3CBB1B3}.Debug|x64.ActiveCfg = Debug|x64
		{A81FB87A-2478-4C77-A05A-9A98A3CBB1B3}.Debug|x64.Build.0 = Debug|x64
		{A81FB87A-2478-4C77-A05A-9A98A3CBB1B3}.Debug|x86.ActiveCfg = Debug|Win32
		{A81FB87A-2478-4C77-A05A-9A98A3CBB1B3}.Debug|x86.Build.0 = Debug|Win32
		{A81FB87A-2478-4C77-A05A-9A98A3CBB1B3}.Release|x64.ActiveCfg = Release|x64
		{A81FB87A-2478-4C77-A05A-9A98A3CBB1B3}.Release|x64.Build.0 = Release|x64
		{A81FB87A-2478-4C77-A05A-9A98A3CBB1B3}.Release|x86.ActiveCfg = Release|Win32
		{A81FB87A-2478-4C77-A05A-9A98A3CBB1B3}.Release|x86.Build.0 = Release|Win32
		{36ACA334-818F-451D-B0EF-CF3224B1174B}.Debug|x64.ActiveCfg = Debug|x64
		{36ACA334-818F-451D-B0EF-CF3224B1174B}.Debug|x64.Build.0 = Debug|x64
		{36ACA334-818F-451D-B0EF-CF3224B1174B}.Debug|x86.ActiveCfg = Debug|Win32
		{36ACA334-818F-451D-B0EF-CF3224B1174B}.Debug|x86.Build.0 = Debug|Win32
		{36ACA334-818F-451D-B0EF-CF3224B1174B}.Release|x64.ActiveCfg = Release|x64
		{36ACA334-818F-451D-B0EF-CF3224B1174B}.Release|x64.Build.0 = Release|x64
		{36ACA334-818F-451D-B0EF-CF3224B1174B}.Release|x86.ActiveCfg = Release|Win32
		{36ACA334-818F-451D-B0EF-CF3224B1174B}.Release|x86.Build.0 = Release|Win32
		{48F0B751-4E5C-44E9-A9F2-26BA1D88B50E}.Debug|x64.ActiveCfg = Debug|x64
		{48F0B751-4E5C-44E9-A9F2-26BA1D88B50E}.Debug|x64.Build.0 = Debug|x64
		{48F0B751-4E5C-44E9-A9F2-26BA1D88B50E}.Debug|x86.ActiveCfg = Debug|Win32
		{48F0B751-4E5C-44E9-A9F2-26BA1D88B50E}.Debug|x86.Build.0 = Debug|Win32
		{48F0B751-4E5C-44E9-A9F2-26BA1D88B50E}.Release|x64.ActiveCfg = Release|x64
		{48F0B751-4E5C-44E9-A9F2-26BA1D88B50E}.Release|x64.Build.0 = Release|x64
		{48F0B751-4E5C-44E9-A9F2-26BA1D88B50E}.Release|x86.ActiveCfg = Release|Win32
		{48F0B751-4E5C-44E9-A9F2-26BA1D88B50E}.Release|x86.Build.0 = Release|Win32
	EndGlobalSection
	GlobalSection(SolutionProperties) = preSolution
		HideSolutionNode = FALSE
	EndGlobalSection
EndGlobal
